
Microsoft Visual Studio Solution File, Format Version 12.00
# Visual Studio 15
VisualStudioVersion = 15.0.26730.8
MinimumVisualStudioVersion = 10.0.40219.1
Project("{D954291E-2A0B-460D-934E-DC6B0785DB48}") = "EasyChat", "EasyChat\EasyChat.shproj", "{6497D72A-69F8-428A-B581-30FCF1A10557}"
EndProject
Project("{FAE04EC0-301F-11D3-BF4B-00C04F79EFBC}") = "Client", "Client\Client.csproj", "{0557907A-3E2E-4868-A8C8-4430DA15ABA6}"
EndProject
Project("{FAE04EC0-301F-11D3-BF4B-00C04F79EFBC}") = "Server", "Server\Server.csproj", "{77895AC4-88A3-4372-8424-96CF954AD33B}"
EndProject
Global
	GlobalSection(SharedMSBuildProjectFiles) = preSolution
		EasyChat\EasyChat.projitems*{6497d72a-69f8-428a-b581-30fcf1a10557}*SharedItemsImports = 13
	EndGlobalSection
	GlobalSection(SolutionConfigurationPlatforms) = preSolution
		Debug|Any CPU = Debug|Any CPU
		Release|Any CPU = Release|Any CPU
	EndGlobalSection
	GlobalSection(ProjectConfigurationPlatforms) = postSolution
		{0557907A-3E2E-4868-A8C8-4430DA15ABA6}.Debug|Any CPU.ActiveCfg = Debug|Any CPU
		{0557907A-3E2E-4868-A8C8-4430DA15ABA6}.Debug|Any CPU.Build.0 = Debug|Any CPU
		{0557907A-3E2E-4868-A8C8-4430DA15ABA6}.Release|Any CPU.ActiveCfg = Release|Any CPU
		{0557907A-3E2E-4868-A8C8-4430DA15ABA6}.Release|Any CPU.Build.0 = Release|Any CPU
		{77895AC4-88A3-4372-8424-96CF954AD33B}.Debug|Any CPU.ActiveCfg = Debug|Any CPU
		{77895AC4-88A3-4372-8424-96CF954AD33B}.Debug|Any CPU.Build.0 = Debug|Any CPU
		{77895AC4-88A3-4372-8424-96CF954AD33B}.Release|Any CPU.ActiveCfg = Release|Any CPU
		{77895AC4-88A3-4372-8424-96CF954AD33B}.Release|Any CPU.Build.0 = Release|Any CPU
	EndGlobalSection
	GlobalSection(SolutionProperties) = preSolution
		HideSolutionNode = FALSE
	EndGlobalSection
	GlobalSection(ExtensibilityGlobals) = postSolution
		SolutionGuid = {BC1186D5-AC7B-412D-94A5-4BF5F891910D}
	EndGlobalSection
EndGlobal
