
Microsoft Visual Studio Solution File, Format Version 12.00
# Visual Studio 15
<<<<<<< HEAD
VisualStudioVersion = 15.0.27130.2027
MinimumVisualStudioVersion = 10.0.40219.1
Project("{F184B08F-C81C-45F6-A57F-5ABD9991F28F}") = "OatBox", "OatBox\OatBox.vbproj", "{C7F5B1B6-8DEA-4762-A1B1-5552A91F5837}"
=======
VisualStudioVersion = 15.0.27004.2009
MinimumVisualStudioVersion = 10.0.40219.1
Project("{FAE04EC0-301F-11D3-BF4B-00C04F79EFBC}") = "OatBox", "OatBox\OatBox.csproj", "{F238B5F9-C732-422C-A662-B5FC2AF6CF17}"
>>>>>>> 6091c44eb872e6c8cff2344c8e2e44e5cebcaee4
EndProject
Global
	GlobalSection(SolutionConfigurationPlatforms) = preSolution
		Debug|Any CPU = Debug|Any CPU
		Release|Any CPU = Release|Any CPU
	EndGlobalSection
	GlobalSection(ProjectConfigurationPlatforms) = postSolution
<<<<<<< HEAD
		{C7F5B1B6-8DEA-4762-A1B1-5552A91F5837}.Debug|Any CPU.ActiveCfg = Debug|Any CPU
		{C7F5B1B6-8DEA-4762-A1B1-5552A91F5837}.Debug|Any CPU.Build.0 = Debug|Any CPU
		{C7F5B1B6-8DEA-4762-A1B1-5552A91F5837}.Release|Any CPU.ActiveCfg = Release|Any CPU
		{C7F5B1B6-8DEA-4762-A1B1-5552A91F5837}.Release|Any CPU.Build.0 = Release|Any CPU
=======
		{F238B5F9-C732-422C-A662-B5FC2AF6CF17}.Debug|Any CPU.ActiveCfg = Debug|Any CPU
		{F238B5F9-C732-422C-A662-B5FC2AF6CF17}.Debug|Any CPU.Build.0 = Debug|Any CPU
		{F238B5F9-C732-422C-A662-B5FC2AF6CF17}.Release|Any CPU.ActiveCfg = Release|Any CPU
		{F238B5F9-C732-422C-A662-B5FC2AF6CF17}.Release|Any CPU.Build.0 = Release|Any CPU
>>>>>>> 6091c44eb872e6c8cff2344c8e2e44e5cebcaee4
	EndGlobalSection
	GlobalSection(SolutionProperties) = preSolution
		HideSolutionNode = FALSE
	EndGlobalSection
	GlobalSection(ExtensibilityGlobals) = postSolution
<<<<<<< HEAD
		SolutionGuid = {BA461096-11AE-4F76-A7F1-8EB009E9889D}
=======
		SolutionGuid = {A3EEEBE5-4C01-4FEB-A18A-B7A46D0EF8F0}
>>>>>>> 6091c44eb872e6c8cff2344c8e2e44e5cebcaee4
	EndGlobalSection
EndGlobal
