
Microsoft Visual Studio Solution File, Format Version 12.00
# Visual Studio 15
VisualStudioVersion = 15.0.26403.7
MinimumVisualStudioVersion = 10.0.40219.1
Project("{FAE04EC0-301F-11D3-BF4B-00C04F79EFBC}") = "App1", "App1\App1\App1.csproj", "{4F4662FC-F9FA-44A0-9AAA-F41C3452263D}"
EndProject
Project("{FAE04EC0-301F-11D3-BF4B-00C04F79EFBC}") = "App1.Android", "App1\App1.Android\App1.Android.csproj", "{4953C16B-9558-48E9-BFE7-25BDDC17769F}"
EndProject
Project("{FAE04EC0-301F-11D3-BF4B-00C04F79EFBC}") = "App1.iOS", "App1\App1.iOS\App1.iOS.csproj", "{42418AE2-3C16-4E42-B7E9-0C505FEC794A}"
EndProject
Project("{FAE04EC0-301F-11D3-BF4B-00C04F79EFBC}") = "App1.UWP", "App1\App1.UWP\App1.UWP.csproj", "{3BB26AC9-47B8-43E9-B8D2-6CE0D2321790}"
EndProject
Global
	GlobalSection(SolutionConfigurationPlatforms) = preSolution
		Debug|Any CPU = Debug|Any CPU
		Debug|ARM = Debug|ARM
		Debug|iPhone = Debug|iPhone
		Debug|iPhoneSimulator = Debug|iPhoneSimulator
		Debug|x64 = Debug|x64
		Debug|x86 = Debug|x86
		Release|Any CPU = Release|Any CPU
		Release|ARM = Release|ARM
		Release|iPhone = Release|iPhone
		Release|iPhoneSimulator = Release|iPhoneSimulator
		Release|x64 = Release|x64
		Release|x86 = Release|x86
	EndGlobalSection
	GlobalSection(ProjectConfigurationPlatforms) = postSolution
		{4F4662FC-F9FA-44A0-9AAA-F41C3452263D}.Debug|Any CPU.ActiveCfg = Debug|Any CPU
		{4F4662FC-F9FA-44A0-9AAA-F41C3452263D}.Debug|Any CPU.Build.0 = Debug|Any CPU
		{4F4662FC-F9FA-44A0-9AAA-F41C3452263D}.Debug|ARM.ActiveCfg = Debug|Any CPU
		{4F4662FC-F9FA-44A0-9AAA-F41C3452263D}.Debug|ARM.Build.0 = Debug|Any CPU
		{4F4662FC-F9FA-44A0-9AAA-F41C3452263D}.Debug|iPhone.ActiveCfg = Debug|Any CPU
		{4F4662FC-F9FA-44A0-9AAA-F41C3452263D}.Debug|iPhone.Build.0 = Debug|Any CPU
		{4F4662FC-F9FA-44A0-9AAA-F41C3452263D}.Debug|iPhoneSimulator.ActiveCfg = Debug|Any CPU
		{4F4662FC-F9FA-44A0-9AAA-F41C3452263D}.Debug|iPhoneSimulator.Build.0 = Debug|Any CPU
		{4F4662FC-F9FA-44A0-9AAA-F41C3452263D}.Debug|x64.ActiveCfg = Debug|Any CPU
		{4F4662FC-F9FA-44A0-9AAA-F41C3452263D}.Debug|x64.Build.0 = Debug|Any CPU
		{4F4662FC-F9FA-44A0-9AAA-F41C3452263D}.Debug|x86.ActiveCfg = Debug|Any CPU
		{4F4662FC-F9FA-44A0-9AAA-F41C3452263D}.Debug|x86.Build.0 = Debug|Any CPU
		{4F4662FC-F9FA-44A0-9AAA-F41C3452263D}.Release|Any CPU.ActiveCfg = Release|Any CPU
		{4F4662FC-F9FA-44A0-9AAA-F41C3452263D}.Release|Any CPU.Build.0 = Release|Any CPU
		{4F4662FC-F9FA-44A0-9AAA-F41C3452263D}.Release|ARM.ActiveCfg = Release|Any CPU
		{4F4662FC-F9FA-44A0-9AAA-F41C3452263D}.Release|ARM.Build.0 = Release|Any CPU
		{4F4662FC-F9FA-44A0-9AAA-F41C3452263D}.Release|iPhone.ActiveCfg = Release|Any CPU
		{4F4662FC-F9FA-44A0-9AAA-F41C3452263D}.Release|iPhone.Build.0 = Release|Any CPU
		{4F4662FC-F9FA-44A0-9AAA-F41C3452263D}.Release|iPhoneSimulator.ActiveCfg = Release|Any CPU
		{4F4662FC-F9FA-44A0-9AAA-F41C3452263D}.Release|iPhoneSimulator.Build.0 = Release|Any CPU
		{4F4662FC-F9FA-44A0-9AAA-F41C3452263D}.Release|x64.ActiveCfg = Release|Any CPU
		{4F4662FC-F9FA-44A0-9AAA-F41C3452263D}.Release|x64.Build.0 = Release|Any CPU
		{4F4662FC-F9FA-44A0-9AAA-F41C3452263D}.Release|x86.ActiveCfg = Release|Any CPU
		{4F4662FC-F9FA-44A0-9AAA-F41C3452263D}.Release|x86.Build.0 = Release|Any CPU
		{4953C16B-9558-48E9-BFE7-25BDDC17769F}.Debug|Any CPU.ActiveCfg = Debug|Any CPU
		{4953C16B-9558-48E9-BFE7-25BDDC17769F}.Debug|Any CPU.Build.0 = Debug|Any CPU
		{4953C16B-9558-48E9-BFE7-25BDDC17769F}.Debug|Any CPU.Deploy.0 = Debug|Any CPU
		{4953C16B-9558-48E9-BFE7-25BDDC17769F}.Debug|ARM.ActiveCfg = Debug|Any CPU
		{4953C16B-9558-48E9-BFE7-25BDDC17769F}.Debug|ARM.Build.0 = Debug|Any CPU
		{4953C16B-9558-48E9-BFE7-25BDDC17769F}.Debug|ARM.Deploy.0 = Debug|Any CPU
		{4953C16B-9558-48E9-BFE7-25BDDC17769F}.Debug|iPhone.ActiveCfg = Debug|Any CPU
		{4953C16B-9558-48E9-BFE7-25BDDC17769F}.Debug|iPhone.Build.0 = Debug|Any CPU
		{4953C16B-9558-48E9-BFE7-25BDDC17769F}.Debug|iPhone.Deploy.0 = Debug|Any CPU
		{4953C16B-9558-48E9-BFE7-25BDDC17769F}.Debug|iPhoneSimulator.ActiveCfg = Debug|Any CPU
		{4953C16B-9558-48E9-BFE7-25BDDC17769F}.Debug|iPhoneSimulator.Build.0 = Debug|Any CPU
		{4953C16B-9558-48E9-BFE7-25BDDC17769F}.Debug|iPhoneSimulator.Deploy.0 = Debug|Any CPU
		{4953C16B-9558-48E9-BFE7-25BDDC17769F}.Debug|x64.ActiveCfg = Debug|Any CPU
		{4953C16B-9558-48E9-BFE7-25BDDC17769F}.Debug|x64.Build.0 = Debug|Any CPU
		{4953C16B-9558-48E9-BFE7-25BDDC17769F}.Debug|x64.Deploy.0 = Debug|Any CPU
		{4953C16B-9558-48E9-BFE7-25BDDC17769F}.Debug|x86.ActiveCfg = Debug|Any CPU
		{4953C16B-9558-48E9-BFE7-25BDDC17769F}.Debug|x86.Build.0 = Debug|Any CPU
		{4953C16B-9558-48E9-BFE7-25BDDC17769F}.Debug|x86.Deploy.0 = Debug|Any CPU
		{4953C16B-9558-48E9-BFE7-25BDDC17769F}.Release|Any CPU.ActiveCfg = Release|Any CPU
		{4953C16B-9558-48E9-BFE7-25BDDC17769F}.Release|Any CPU.Build.0 = Release|Any CPU
		{4953C16B-9558-48E9-BFE7-25BDDC17769F}.Release|Any CPU.Deploy.0 = Release|Any CPU
		{4953C16B-9558-48E9-BFE7-25BDDC17769F}.Release|ARM.ActiveCfg = Release|Any CPU
		{4953C16B-9558-48E9-BFE7-25BDDC17769F}.Release|ARM.Build.0 = Release|Any CPU
		{4953C16B-9558-48E9-BFE7-25BDDC17769F}.Release|ARM.Deploy.0 = Release|Any CPU
		{4953C16B-9558-48E9-BFE7-25BDDC17769F}.Release|iPhone.ActiveCfg = Release|Any CPU
		{4953C16B-9558-48E9-BFE7-25BDDC17769F}.Release|iPhone.Build.0 = Release|Any CPU
		{4953C16B-9558-48E9-BFE7-25BDDC17769F}.Release|iPhone.Deploy.0 = Release|Any CPU
		{4953C16B-9558-48E9-BFE7-25BDDC17769F}.Release|iPhoneSimulator.ActiveCfg = Release|Any CPU
		{4953C16B-9558-48E9-BFE7-25BDDC17769F}.Release|iPhoneSimulator.Build.0 = Release|Any CPU
		{4953C16B-9558-48E9-BFE7-25BDDC17769F}.Release|iPhoneSimulator.Deploy.0 = Release|Any CPU
		{4953C16B-9558-48E9-BFE7-25BDDC17769F}.Release|x64.ActiveCfg = Release|Any CPU
		{4953C16B-9558-48E9-BFE7-25BDDC17769F}.Release|x64.Build.0 = Release|Any CPU
		{4953C16B-9558-48E9-BFE7-25BDDC17769F}.Release|x64.Deploy.0 = Release|Any CPU
		{4953C16B-9558-48E9-BFE7-25BDDC17769F}.Release|x86.ActiveCfg = Release|Any CPU
		{4953C16B-9558-48E9-BFE7-25BDDC17769F}.Release|x86.Build.0 = Release|Any CPU
		{4953C16B-9558-48E9-BFE7-25BDDC17769F}.Release|x86.Deploy.0 = Release|Any CPU
		{42418AE2-3C16-4E42-B7E9-0C505FEC794A}.Debug|Any CPU.ActiveCfg = Debug|iPhone
		{42418AE2-3C16-4E42-B7E9-0C505FEC794A}.Debug|ARM.ActiveCfg = Debug|iPhone
		{42418AE2-3C16-4E42-B7E9-0C505FEC794A}.Debug|iPhone.ActiveCfg = Debug|iPhone
		{42418AE2-3C16-4E42-B7E9-0C505FEC794A}.Debug|iPhone.Build.0 = Debug|iPhone
		{42418AE2-3C16-4E42-B7E9-0C505FEC794A}.Debug|iPhoneSimulator.ActiveCfg = Debug|iPhoneSimulator
		{42418AE2-3C16-4E42-B7E9-0C505FEC794A}.Debug|iPhoneSimulator.Build.0 = Debug|iPhoneSimulator
		{42418AE2-3C16-4E42-B7E9-0C505FEC794A}.Debug|x64.ActiveCfg = Debug|iPhone
		{42418AE2-3C16-4E42-B7E9-0C505FEC794A}.Debug|x86.ActiveCfg = Debug|iPhone
		{42418AE2-3C16-4E42-B7E9-0C505FEC794A}.Release|Any CPU.ActiveCfg = Release|iPhone
		{42418AE2-3C16-4E42-B7E9-0C505FEC794A}.Release|ARM.ActiveCfg = Release|iPhone
		{42418AE2-3C16-4E42-B7E9-0C505FEC794A}.Release|iPhone.ActiveCfg = Release|iPhone
		{42418AE2-3C16-4E42-B7E9-0C505FEC794A}.Release|iPhone.Build.0 = Release|iPhone
		{42418AE2-3C16-4E42-B7E9-0C505FEC794A}.Release|iPhoneSimulator.ActiveCfg = Release|iPhoneSimulator
		{42418AE2-3C16-4E42-B7E9-0C505FEC794A}.Release|iPhoneSimulator.Build.0 = Release|iPhoneSimulator
		{42418AE2-3C16-4E42-B7E9-0C505FEC794A}.Release|x64.ActiveCfg = Release|iPhone
		{42418AE2-3C16-4E42-B7E9-0C505FEC794A}.Release|x86.ActiveCfg = Release|iPhone
		{3BB26AC9-47B8-43E9-B8D2-6CE0D2321790}.Debug|Any CPU.ActiveCfg = Debug|x86
		{3BB26AC9-47B8-43E9-B8D2-6CE0D2321790}.Debug|ARM.ActiveCfg = Debug|ARM
		{3BB26AC9-47B8-43E9-B8D2-6CE0D2321790}.Debug|ARM.Build.0 = Debug|ARM
		{3BB26AC9-47B8-43E9-B8D2-6CE0D2321790}.Debug|ARM.Deploy.0 = Debug|ARM
		{3BB26AC9-47B8-43E9-B8D2-6CE0D2321790}.Debug|iPhone.ActiveCfg = Debug|x86
		{3BB26AC9-47B8-43E9-B8D2-6CE0D2321790}.Debug|iPhoneSimulator.ActiveCfg = Debug|x86
		{3BB26AC9-47B8-43E9-B8D2-6CE0D2321790}.Debug|x64.ActiveCfg = Debug|x64
		{3BB26AC9-47B8-43E9-B8D2-6CE0D2321790}.Debug|x64.Build.0 = Debug|x64
		{3BB26AC9-47B8-43E9-B8D2-6CE0D2321790}.Debug|x64.Deploy.0 = Debug|x64
		{3BB26AC9-47B8-43E9-B8D2-6CE0D2321790}.Debug|x86.ActiveCfg = Debug|x86
		{3BB26AC9-47B8-43E9-B8D2-6CE0D2321790}.Debug|x86.Build.0 = Debug|x86
		{3BB26AC9-47B8-43E9-B8D2-6CE0D2321790}.Debug|x86.Deploy.0 = Debug|x86
		{3BB26AC9-47B8-43E9-B8D2-6CE0D2321790}.Release|Any CPU.ActiveCfg = Release|x86
		{3BB26AC9-47B8-43E9-B8D2-6CE0D2321790}.Release|ARM.ActiveCfg = Release|ARM
		{3BB26AC9-47B8-43E9-B8D2-6CE0D2321790}.Release|ARM.Build.0 = Release|ARM
		{3BB26AC9-47B8-43E9-B8D2-6CE0D2321790}.Release|ARM.Deploy.0 = Release|ARM
		{3BB26AC9-47B8-43E9-B8D2-6CE0D2321790}.Release|iPhone.ActiveCfg = Release|x86
		{3BB26AC9-47B8-43E9-B8D2-6CE0D2321790}.Release|iPhoneSimulator.ActiveCfg = Release|x86
		{3BB26AC9-47B8-43E9-B8D2-6CE0D2321790}.Release|x64.ActiveCfg = Release|x64
		{3BB26AC9-47B8-43E9-B8D2-6CE0D2321790}.Release|x64.Build.0 = Release|x64
		{3BB26AC9-47B8-43E9-B8D2-6CE0D2321790}.Release|x64.Deploy.0 = Release|x64
		{3BB26AC9-47B8-43E9-B8D2-6CE0D2321790}.Release|x86.ActiveCfg = Release|x86
		{3BB26AC9-47B8-43E9-B8D2-6CE0D2321790}.Release|x86.Build.0 = Release|x86
		{3BB26AC9-47B8-43E9-B8D2-6CE0D2321790}.Release|x86.Deploy.0 = Release|x86
	EndGlobalSection
	GlobalSection(SolutionProperties) = preSolution
		HideSolutionNode = FALSE
	EndGlobalSection
EndGlobal
