
Microsoft Visual Studio Solution File, Format Version 12.00
# Visual Studio 15
VisualStudioVersion = 15.0.26730.8
MinimumVisualStudioVersion = 10.0.40219.1
Project("{F184B08F-C81C-45F6-A57F-5ABD9991F28F}") = "Story", "Story\Story.vbproj", "{5ADA2263-4FA7-4AAD-8833-D40815AC9E6E}"
EndProject
Global
	GlobalSection(SolutionConfigurationPlatforms) = preSolution
		Debug|Any CPU = Debug|Any CPU
		Release|Any CPU = Release|Any CPU
	EndGlobalSection
	GlobalSection(ProjectConfigurationPlatforms) = postSolution
		{5ADA2263-4FA7-4AAD-8833-D40815AC9E6E}.Debug|Any CPU.ActiveCfg = Debug|Any CPU
		{5ADA2263-4FA7-4AAD-8833-D40815AC9E6E}.Debug|Any CPU.Build.0 = Debug|Any CPU
		{5ADA2263-4FA7-4AAD-8833-D40815AC9E6E}.Release|Any CPU.ActiveCfg = Release|Any CPU
		{5ADA2263-4FA7-4AAD-8833-D40815AC9E6E}.Release|Any CPU.Build.0 = Release|Any CPU
	EndGlobalSection
	GlobalSection(SolutionProperties) = preSolution
		HideSolutionNode = FALSE
	EndGlobalSection
	GlobalSection(ExtensibilityGlobals) = postSolution
		SolutionGuid = {14B917AE-D44C-4764-9FEE-5ADFA5E3B6C5}
	EndGlobalSection
EndGlobal
